<?xml version="1.0" encoding="utf-8"?>
<Project ToolsVersion="4.0" xmlns="http://schemas.microsoft.com/developer/msbuild/2003">
  <ItemGroup>
    <Filter Include="소스 파일">
      <UniqueIdentifier>{4FC737F1-C7A5-4376-A066-2A32D752A2FF}</UniqueIdentifier>
      <Extensions>cpp;c;cc;cxx;def;odl;idl;hpj;bat;asm;asmx</Extensions>
    </Filter>
    <Filter Include="헤더 파일">
      <UniqueIdentifier>{93995380-89BD-4b04-88EB-625FBE52EBFB}</UniqueIdentifier>
      <Extensions>h;hh;hpp;hxx;hm;inl;inc;xsd</Extensions>
    </Filter>
    <Filter Include="리소스 파일">
      <UniqueIdentifier>{67DA6AB6-F800-4c08-8B7A-83BB121AAD01}</UniqueIdentifier>
      <Extensions>rc;ico;cur;bmp;dlg;rc2;rct;bin;rgs;gif;jpg;jpeg;jpe;resx;tiff;tif;png;wav;mfcribbon-ms</Extensions>
    </Filter>
    <Filter Include="소스 파일\CrashDump">
      <UniqueIdentifier>{0ff431cf-5135-4dff-a1c7-e778e99d0972}</UniqueIdentifier>
    </Filter>
    <Filter Include="소스 파일\CLFMemoryPool">
      <UniqueIdentifier>{ce81cce7-4828-45cb-8266-713a9ee0c721}</UniqueIdentifier>
    </Filter>
    <Filter Include="헤더 파일\CProfiler">
      <UniqueIdentifier>{1e49b778-61ef-4ac4-84f9-161f88f2de4f}</UniqueIdentifier>
    </Filter>
  </ItemGroup>
  <ItemGroup>
    <ClInclude Include="CrashDump.h">
      <Filter>소스 파일\CrashDump</Filter>
    </ClInclude>
    <ClInclude Include="APIHook.h">
      <Filter>소스 파일\CrashDump</Filter>
    </ClInclude>
    <ClInclude Include="CLFMemoryPool_TLS.h">
      <Filter>소스 파일\CLFMemoryPool</Filter>
    </ClInclude>
    <ClInclude Include="CLFMemoryPool.h">
      <Filter>소스 파일\CLFMemoryPool</Filter>
    </ClInclude>
    <ClInclude Include="CProfiler.h">
      <Filter>헤더 파일\CProfiler</Filter>
    </ClInclude>
    <ClInclude Include="CSystemLog.h">
      <Filter>헤더 파일</Filter>
    </ClInclude>
  </ItemGroup>
  <ItemGroup>
    <ClCompile Include="_main.cpp">
      <Filter>소스 파일</Filter>
    </ClCompile>
    <ClCompile Include="CrashDump.cpp">
      <Filter>소스 파일\CrashDump</Filter>
    </ClCompile>
    <ClCompile Include="APIHook.cpp">
      <Filter>소스 파일\CrashDump</Filter>
    </ClCompile>
    <ClCompile Include="CProfiler.cpp">
      <Filter>헤더 파일\CProfiler</Filter>
    </ClCompile>
  </ItemGroup>
</Project>